// !$*UTF8*$!
{
	archiveVersion = 1;
	classes = {
	};
	objectVersion = 55;
	objects = {

/* Begin PBXBuildFile section */
		CBA06F6E27F49FB8000482CA /* AppDelegate.swift in Sources */ = {isa = PBXBuildFile; fileRef = CBA06F6D27F49FB8000482CA /* AppDelegate.swift */; };
		CBA06F7027F49FB8000482CA /* SceneDelegate.swift in Sources */ = {isa = PBXBuildFile; fileRef = CBA06F6F27F49FB8000482CA /* SceneDelegate.swift */; };
		CBA06F7527F49FB8000482CA /* Main.storyboard in Resources */ = {isa = PBXBuildFile; fileRef = CBA06F7327F49FB8000482CA /* Main.storyboard */; };
		CBA06F7727F49FB9000482CA /* Assets.xcassets in Resources */ = {isa = PBXBuildFile; fileRef = CBA06F7627F49FB9000482CA /* Assets.xcassets */; };
		CBA06F7A27F49FB9000482CA /* LaunchScreen.storyboard in Resources */ = {isa = PBXBuildFile; fileRef = CBA06F7827F49FB9000482CA /* LaunchScreen.storyboard */; };
		CBA06F8527F49FB9000482CA /* RemoteStateTaskTests.swift in Sources */ = {isa = PBXBuildFile; fileRef = CBA06F8427F49FB9000482CA /* RemoteStateTaskTests.swift */; };
		CBA06F8F27F49FB9000482CA /* RemoteStateTaskUITests.swift in Sources */ = {isa = PBXBuildFile; fileRef = CBA06F8E27F49FB9000482CA /* RemoteStateTaskUITests.swift */; };
		CBA06F9127F49FB9000482CA /* RemoteStateTaskUITestsLaunchTests.swift in Sources */ = {isa = PBXBuildFile; fileRef = CBA06F9027F49FB9000482CA /* RemoteStateTaskUITestsLaunchTests.swift */; };
		CBA06F9E27F4A0E9000482CA /* ListVC.swift in Sources */ = {isa = PBXBuildFile; fileRef = CBA06F9D27F4A0E9000482CA /* ListVC.swift */; };
		CBA06FA027F4A3AE000482CA /* ListTableCell.swift in Sources */ = {isa = PBXBuildFile; fileRef = CBA06F9F27F4A3AE000482CA /* ListTableCell.swift */; };
		CBA06FA327F4A67C000482CA /* ListModel.swift in Sources */ = {isa = PBXBuildFile; fileRef = CBA06FA227F4A67C000482CA /* ListModel.swift */; };
		CBA06FA527F4C762000482CA /* DateExtension.swift in Sources */ = {isa = PBXBuildFile; fileRef = CBA06FA427F4C762000482CA /* DateExtension.swift */; };
		CBA06FAA27F4C83B000482CA /* MapVC.swift in Sources */ = {isa = PBXBuildFile; fileRef = CBA06FA927F4C83B000482CA /* MapVC.swift */; };
		E5941160EE24D8B2F3D0E4D8 /* Pods_RemoteStateTask.framework in Frameworks */ = {isa = PBXBuildFile; fileRef = 3E9F16C8F4666BCFCF86550E /* Pods_RemoteStateTask.framework */; };
/* End PBXBuildFile section */

/* Begin PBXContainerItemProxy section */
		CBA06F8127F49FB9000482CA /* PBXContainerItemProxy */ = {
			isa = PBXContainerItemProxy;
			containerPortal = CBA06F6227F49FB8000482CA /* Project object */;
			proxyType = 1;
			remoteGlobalIDString = CBA06F6927F49FB8000482CA;
			remoteInfo = RemoteStateTask;
		};
		CBA06F8B27F49FB9000482CA /* PBXContainerItemProxy */ = {
			isa = PBXContainerItemProxy;
			containerPortal = CBA06F6227F49FB8000482CA /* Project object */;
			proxyType = 1;
			remoteGlobalIDString = CBA06F6927F49FB8000482CA;
			remoteInfo = RemoteStateTask;
		};
/* End PBXContainerItemProxy section */

/* Begin PBXFileReference section */
		3E9F16C8F4666BCFCF86550E /* Pods_RemoteStateTask.framework */ = {isa = PBXFileReference; explicitFileType = wrapper.framework; includeInIndex = 0; path = Pods_RemoteStateTask.framework; sourceTree = BUILT_PRODUCTS_DIR; };
		8416809F8D1442D3B2543A2C /* Pods-RemoteStateTask.release.xcconfig */ = {isa = PBXFileReference; includeInIndex = 1; lastKnownFileType = text.xcconfig; name = "Pods-RemoteStateTask.release.xcconfig"; path = "Target Support Files/Pods-RemoteStateTask/Pods-RemoteStateTask.release.xcconfig"; sourceTree = "<group>"; };
		CBA06F6A27F49FB8000482CA /* RemoteStateTask.app */ = {isa = PBXFileReference; explicitFileType = wrapper.application; includeInIndex = 0; path = RemoteStateTask.app; sourceTree = BUILT_PRODUCTS_DIR; };
		CBA06F6D27F49FB8000482CA /* AppDelegate.swift */ = {isa = PBXFileReference; lastKnownFileType = sourcecode.swift; path = AppDelegate.swift; sourceTree = "<group>"; };
		CBA06F6F27F49FB8000482CA /* SceneDelegate.swift */ = {isa = PBXFileReference; lastKnownFileType = sourcecode.swift; path = SceneDelegate.swift; sourceTree = "<group>"; };
		CBA06F7427F49FB8000482CA /* Base */ = {isa = PBXFileReference; lastKnownFileType = file.storyboard; name = Base; path = Base.lproj/Main.storyboard; sourceTree = "<group>"; };
		CBA06F7627F49FB9000482CA /* Assets.xcassets */ = {isa = PBXFileReference; lastKnownFileType = folder.assetcatalog; path = Assets.xcassets; sourceTree = "<group>"; };
		CBA06F7927F49FB9000482CA /* Base */ = {isa = PBXFileReference; lastKnownFileType = file.storyboard; name = Base; path = Base.lproj/LaunchScreen.storyboard; sourceTree = "<group>"; };
		CBA06F7B27F49FB9000482CA /* Info.plist */ = {isa = PBXFileReference; lastKnownFileType = text.plist.xml; path = Info.plist; sourceTree = "<group>"; };
		CBA06F8027F49FB9000482CA /* RemoteStateTaskTests.xctest */ = {isa = PBXFileReference; explicitFileType = wrapper.cfbundle; includeInIndex = 0; path = RemoteStateTaskTests.xctest; sourceTree = BUILT_PRODUCTS_DIR; };
		CBA06F8427F49FB9000482CA /* RemoteStateTaskTests.swift */ = {isa = PBXFileReference; lastKnownFileType = sourcecode.swift; path = RemoteStateTaskTests.swift; sourceTree = "<group>"; };
		CBA06F8A27F49FB9000482CA /* RemoteStateTaskUITests.xctest */ = {isa = PBXFileReference; explicitFileType = wrapper.cfbundle; includeInIndex = 0; path = RemoteStateTaskUITests.xctest; sourceTree = BUILT_PRODUCTS_DIR; };
		CBA06F8E27F49FB9000482CA /* RemoteStateTaskUITests.swift */ = {isa = PBXFileReference; lastKnownFileType = sourcecode.swift; path = RemoteStateTaskUITests.swift; sourceTree = "<group>"; };
		CBA06F9027F49FB9000482CA /* RemoteStateTaskUITestsLaunchTests.swift */ = {isa = PBXFileReference; lastKnownFileType = sourcecode.swift; path = RemoteStateTaskUITestsLaunchTests.swift; sourceTree = "<group>"; };
		CBA06F9D27F4A0E9000482CA /* ListVC.swift */ = {isa = PBXFileReference; lastKnownFileType = sourcecode.swift; path = ListVC.swift; sourceTree = "<group>"; };
		CBA06F9F27F4A3AE000482CA /* ListTableCell.swift */ = {isa = PBXFileReference; lastKnownFileType = sourcecode.swift; path = ListTableCell.swift; sourceTree = "<group>"; };
		CBA06FA227F4A67C000482CA /* ListModel.swift */ = {isa = PBXFileReference; lastKnownFileType = sourcecode.swift; path = ListModel.swift; sourceTree = "<group>"; };
		CBA06FA427F4C762000482CA /* DateExtension.swift */ = {isa = PBXFileReference; lastKnownFileType = sourcecode.swift; path = DateExtension.swift; sourceTree = "<group>"; };
		CBA06FA927F4C83B000482CA /* MapVC.swift */ = {isa = PBXFileReference; lastKnownFileType = sourcecode.swift; path = MapVC.swift; sourceTree = "<group>"; };
		CE059762550C8D12BC2352C7 /* Pods-RemoteStateTask.debug.xcconfig */ = {isa = PBXFileReference; includeInIndex = 1; lastKnownFileType = text.xcconfig; name = "Pods-RemoteStateTask.debug.xcconfig"; path = "Target Support Files/Pods-RemoteStateTask/Pods-RemoteStateTask.debug.xcconfig"; sourceTree = "<group>"; };
/* End PBXFileReference section */

/* Begin PBXFrameworksBuildPhase section */
		CBA06F6727F49FB8000482CA /* Frameworks */ = {
			isa = PBXFrameworksBuildPhase;
			buildActionMask = 2147483647;
			files = (
				E5941160EE24D8B2F3D0E4D8 /* Pods_RemoteStateTask.framework in Frameworks */,
			);
			runOnlyForDeploymentPostprocessing = 0;
		};
		CBA06F7D27F49FB9000482CA /* Frameworks */ = {
			isa = PBXFrameworksBuildPhase;
			buildActionMask = 2147483647;
			files = (
			);
			runOnlyForDeploymentPostprocessing = 0;
		};
		CBA06F8727F49FB9000482CA /* Frameworks */ = {
			isa = PBXFrameworksBuildPhase;
			buildActionMask = 2147483647;
			files = (
			);
			runOnlyForDeploymentPostprocessing = 0;
		};
/* End PBXFrameworksBuildPhase section */

/* Begin PBXGroup section */
		1C5C77EA14781DF372AD5AE2 /* Frameworks */ = {
			isa = PBXGroup;
			children = (
				3E9F16C8F4666BCFCF86550E /* Pods_RemoteStateTask.framework */,
			);
			name = Frameworks;
			sourceTree = "<group>";
		};
		3695E0DCCC11D523B1CA1BF0 /* Pods */ = {
			isa = PBXGroup;
			children = (
				CE059762550C8D12BC2352C7 /* Pods-RemoteStateTask.debug.xcconfig */,
				8416809F8D1442D3B2543A2C /* Pods-RemoteStateTask.release.xcconfig */,
			);
			path = Pods;
			sourceTree = "<group>";
		};
		CBA06F6127F49FB8000482CA = {
			isa = PBXGroup;
			children = (
				CBA06F6C27F49FB8000482CA /* RemoteStateTask */,
				CBA06F8327F49FB9000482CA /* RemoteStateTaskTests */,
				CBA06F8D27F49FB9000482CA /* RemoteStateTaskUITests */,
				CBA06F6B27F49FB8000482CA /* Products */,
				3695E0DCCC11D523B1CA1BF0 /* Pods */,
				1C5C77EA14781DF372AD5AE2 /* Frameworks */,
			);
			sourceTree = "<group>";
		};
		CBA06F6B27F49FB8000482CA /* Products */ = {
			isa = PBXGroup;
			children = (
				CBA06F6A27F49FB8000482CA /* RemoteStateTask.app */,
				CBA06F8027F49FB9000482CA /* RemoteStateTaskTests.xctest */,
				CBA06F8A27F49FB9000482CA /* RemoteStateTaskUITests.xctest */,
			);
			name = Products;
			sourceTree = "<group>";
		};
		CBA06F6C27F49FB8000482CA /* RemoteStateTask */ = {
			isa = PBXGroup;
			children = (
				CBA06F6D27F49FB8000482CA /* AppDelegate.swift */,
				CBA06F6F27F49FB8000482CA /* SceneDelegate.swift */,
				CBA06FA827F4C819000482CA /* Extensions */,
				CBA06FA127F4A66D000482CA /* Models */,
				CBA06FA627F4C800000482CA /* List */,
				CBA06FA727F4C80F000482CA /* Map */,
				CBA06F7327F49FB8000482CA /* Main.storyboard */,
				CBA06F7627F49FB9000482CA /* Assets.xcassets */,
				CBA06F7827F49FB9000482CA /* LaunchScreen.storyboard */,
				CBA06F7B27F49FB9000482CA /* Info.plist */,
			);
			path = RemoteStateTask;
			sourceTree = "<group>";
		};
		CBA06F8327F49FB9000482CA /* RemoteStateTaskTests */ = {
			isa = PBXGroup;
			children = (
				CBA06F8427F49FB9000482CA /* RemoteStateTaskTests.swift */,
			);
			path = RemoteStateTaskTests;
			sourceTree = "<group>";
		};
		CBA06F8D27F49FB9000482CA /* RemoteStateTaskUITests */ = {
			isa = PBXGroup;
			children = (
				CBA06F8E27F49FB9000482CA /* RemoteStateTaskUITests.swift */,
				CBA06F9027F49FB9000482CA /* RemoteStateTaskUITestsLaunchTests.swift */,
			);
			path = RemoteStateTaskUITests;
			sourceTree = "<group>";
		};
		CBA06FA127F4A66D000482CA /* Models */ = {
			isa = PBXGroup;
			children = (
				CBA06FA227F4A67C000482CA /* ListModel.swift */,
			);
			path = Models;
			sourceTree = "<group>";
		};
		CBA06FA627F4C800000482CA /* List */ = {
			isa = PBXGroup;
			children = (
				CBA06F9D27F4A0E9000482CA /* ListVC.swift */,
				CBA06F9F27F4A3AE000482CA /* ListTableCell.swift */,
			);
			path = List;
			sourceTree = "<group>";
		};
		CBA06FA727F4C80F000482CA /* Map */ = {
			isa = PBXGroup;
			children = (
				CBA06FA927F4C83B000482CA /* MapVC.swift */,
			);
			path = Map;
			sourceTree = "<group>";
		};
		CBA06FA827F4C819000482CA /* Extensions */ = {
			isa = PBXGroup;
			children = (
				CBA06FA427F4C762000482CA /* DateExtension.swift */,
			);
			path = Extensions;
			sourceTree = "<group>";
		};
/* End PBXGroup section */

/* Begin PBXNativeTarget section */
		CBA06F6927F49FB8000482CA /* RemoteStateTask */ = {
			isa = PBXNativeTarget;
			buildConfigurationList = CBA06F9427F49FB9000482CA /* Build configuration list for PBXNativeTarget "RemoteStateTask" */;
			buildPhases = (
				285DD460230A13435F24C2C8 /* [CP] Check Pods Manifest.lock */,
				CBA06F6627F49FB8000482CA /* Sources */,
				CBA06F6727F49FB8000482CA /* Frameworks */,
				CBA06F6827F49FB8000482CA /* Resources */,
				E87995392B77A3E7A92B6603 /* [CP] Copy Pods Resources */,
			);
			buildRules = (
			);
			dependencies = (
			);
			name = RemoteStateTask;
			productName = RemoteStateTask;
			productReference = CBA06F6A27F49FB8000482CA /* RemoteStateTask.app */;
			productType = "com.apple.product-type.application";
		};
		CBA06F7F27F49FB9000482CA /* RemoteStateTaskTests */ = {
			isa = PBXNativeTarget;
			buildConfigurationList = CBA06F9727F49FB9000482CA /* Build configuration list for PBXNativeTarget "RemoteStateTaskTests" */;
			buildPhases = (
				CBA06F7C27F49FB9000482CA /* Sources */,
				CBA06F7D27F49FB9000482CA /* Frameworks */,
				CBA06F7E27F49FB9000482CA /* Resources */,
			);
			buildRules = (
			);
			dependencies = (
				CBA06F8227F49FB9000482CA /* PBXTargetDependency */,
			);
			name = RemoteStateTaskTests;
			productName = RemoteStateTaskTests;
			productReference = CBA06F8027F49FB9000482CA /* RemoteStateTaskTests.xctest */;
			productType = "com.apple.product-type.bundle.unit-test";
		};
		CBA06F8927F49FB9000482CA /* RemoteStateTaskUITests */ = {
			isa = PBXNativeTarget;
			buildConfigurationList = CBA06F9A27F49FB9000482CA /* Build configuration list for PBXNativeTarget "RemoteStateTaskUITests" */;
			buildPhases = (
				CBA06F8627F49FB9000482CA /* Sources */,
				CBA06F8727F49FB9000482CA /* Frameworks */,
				CBA06F8827F49FB9000482CA /* Resources */,
			);
			buildRules = (
			);
			dependencies = (
				CBA06F8C27F49FB9000482CA /* PBXTargetDependency */,
			);
			name = RemoteStateTaskUITests;
			productName = RemoteStateTaskUITests;
			productReference = CBA06F8A27F49FB9000482CA /* RemoteStateTaskUITests.xctest */;
			productType = "com.apple.product-type.bundle.ui-testing";
		};
/* End PBXNativeTarget section */

/* Begin PBXProject section */
		CBA06F6227F49FB8000482CA /* Project object */ = {
			isa = PBXProject;
			attributes = {
				BuildIndependentTargetsInParallel = 1;
				LastSwiftUpdateCheck = 1330;
				LastUpgradeCheck = 1330;
				TargetAttributes = {
					CBA06F6927F49FB8000482CA = {
						CreatedOnToolsVersion = 13.3;
					};
					CBA06F7F27F49FB9000482CA = {
						CreatedOnToolsVersion = 13.3;
						TestTargetID = CBA06F6927F49FB8000482CA;
					};
					CBA06F8927F49FB9000482CA = {
						CreatedOnToolsVersion = 13.3;
						TestTargetID = CBA06F6927F49FB8000482CA;
					};
				};
			};
			buildConfigurationList = CBA06F6527F49FB8000482CA /* Build configuration list for PBXProject "RemoteStateTask" */;
			compatibilityVersion = "Xcode 13.0";
			developmentRegion = en;
			hasScannedForEncodings = 0;
			knownRegions = (
				en,
				Base,
			);
			mainGroup = CBA06F6127F49FB8000482CA;
			productRefGroup = CBA06F6B27F49FB8000482CA /* Products */;
			projectDirPath = "";
			projectRoot = "";
			targets = (
				CBA06F6927F49FB8000482CA /* RemoteStateTask */,
				CBA06F7F27F49FB9000482CA /* RemoteStateTaskTests */,
				CBA06F8927F49FB9000482CA /* RemoteStateTaskUITests */,
			);
		};
/* End PBXProject section */

/* Begin PBXResourcesBuildPhase section */
		CBA06F6827F49FB8000482CA /* Resources */ = {
			isa = PBXResourcesBuildPhase;
			buildActionMask = 2147483647;
			files = (
				CBA06F7A27F49FB9000482CA /* LaunchScreen.storyboard in Resources */,
				CBA06F7727F49FB9000482CA /* Assets.xcassets in Resources */,
				CBA06F7527F49FB8000482CA /* Main.storyboard in Resources */,
			);
			runOnlyForDeploymentPostprocessing = 0;
		};
		CBA06F7E27F49FB9000482CA /* Resources */ = {
			isa = PBXResourcesBuildPhase;
			buildActionMask = 2147483647;
			files = (
			);
			runOnlyForDeploymentPostprocessing = 0;
		};
		CBA06F8827F49FB9000482CA /* Resources */ = {
			isa = PBXResourcesBuildPhase;
			buildActionMask = 2147483647;
			files = (
			);
			runOnlyForDeploymentPostprocessing = 0;
		};
/* End PBXResourcesBuildPhase section */

/* Begin PBXShellScriptBuildPhase section */
		285DD460230A13435F24C2C8 /* [CP] Check Pods Manifest.lock */ = {
			isa = PBXShellScriptBuildPhase;
			buildActionMask = 2147483647;
			files = (
			);
			inputFileListPaths = (
			);
			inputPaths = (
				"${PODS_PODFILE_DIR_PATH}/Podfile.lock",
				"${PODS_ROOT}/Manifest.lock",
			);
			name = "[CP] Check Pods Manifest.lock";
			outputFileListPaths = (
			);
			outputPaths = (
				"$(DERIVED_FILE_DIR)/Pods-RemoteStateTask-checkManifestLockResult.txt",
			);
			runOnlyForDeploymentPostprocessing = 0;
			shellPath = /bin/sh;
			shellScript = "diff \"${PODS_PODFILE_DIR_PATH}/Podfile.lock\" \"${PODS_ROOT}/Manifest.lock\" > /dev/null\nif [ $? != 0 ] ; then\n    # print error to STDERR\n    echo \"error: The sandbox is not in sync with the Podfile.lock. Run 'pod install' or update your CocoaPods installation.\" >&2\n    exit 1\nfi\n# This output is used by Xcode 'outputs' to avoid re-running this script phase.\necho \"SUCCESS\" > \"${SCRIPT_OUTPUT_FILE_0}\"\n";
			showEnvVarsInLog = 0;
		};
		E87995392B77A3E7A92B6603 /* [CP] Copy Pods Resources */ = {
			isa = PBXShellScriptBuildPhase;
			buildActionMask = 2147483647;
			files = (
			);
			inputFileListPaths = (
				"${PODS_ROOT}/Target Support Files/Pods-RemoteStateTask/Pods-RemoteStateTask-resources-${CONFIGURATION}-input-files.xcfilelist",
			);
			name = "[CP] Copy Pods Resources";
			outputFileListPaths = (
				"${PODS_ROOT}/Target Support Files/Pods-RemoteStateTask/Pods-RemoteStateTask-resources-${CONFIGURATION}-output-files.xcfilelist",
			);
			runOnlyForDeploymentPostprocessing = 0;
			shellPath = /bin/sh;
			shellScript = "\"${PODS_ROOT}/Target Support Files/Pods-RemoteStateTask/Pods-RemoteStateTask-resources.sh\"\n";
			showEnvVarsInLog = 0;
		};
/* End PBXShellScriptBuildPhase section */

/* Begin PBXSourcesBuildPhase section */
		CBA06F6627F49FB8000482CA /* Sources */ = {
			isa = PBXSourcesBuildPhase;
			buildActionMask = 2147483647;
			files = (
				CBA06F9E27F4A0E9000482CA /* ListVC.swift in Sources */,
				CBA06FA527F4C762000482CA /* DateExtension.swift in Sources */,
				CBA06FA027F4A3AE000482CA /* ListTableCell.swift in Sources */,
				CBA06FA327F4A67C000482CA /* ListModel.swift in Sources */,
				CBA06FAA27F4C83B000482CA /* MapVC.swift in Sources */,
				CBA06F6E27F49FB8000482CA /* AppDelegate.swift in Sources */,
				CBA06F7027F49FB8000482CA /* SceneDelegate.swift in Sources */,
			);
			runOnlyForDeploymentPostprocessing = 0;
		};
		CBA06F7C27F49FB9000482CA /* Sources */ = {
			isa = PBXSourcesBuildPhase;
			buildActionMask = 2147483647;
			files = (
				CBA06F8527F49FB9000482CA /* RemoteStateTaskTests.swift in Sources */,
			);
			runOnlyForDeploymentPostprocessing = 0;
		};
		CBA06F8627F49FB9000482CA /* Sources */ = {
			isa = PBXSourcesBuildPhase;
			buildActionMask = 2147483647;
			files = (
				CBA06F8F27F49FB9000482CA /* RemoteStateTaskUITests.swift in Sources */,
				CBA06F9127F49FB9000482CA /* RemoteStateTaskUITestsLaunchTests.swift in Sources */,
			);
			runOnlyForDeploymentPostprocessing = 0;
		};
/* End PBXSourcesBuildPhase section */

/* Begin PBXTargetDependency section */
		CBA06F8227F49FB9000482CA /* PBXTargetDependency */ = {
			isa = PBXTargetDependency;
			target = CBA06F6927F49FB8000482CA /* RemoteStateTask */;
			targetProxy = CBA06F8127F49FB9000482CA /* PBXContainerItemProxy */;
		};
		CBA06F8C27F49FB9000482CA /* PBXTargetDependency */ = {
			isa = PBXTargetDependency;
			target = CBA06F6927F49FB8000482CA /* RemoteStateTask */;
			targetProxy = CBA06F8B27F49FB9000482CA /* PBXContainerItemProxy */;
		};
/* End PBXTargetDependency section */

/* Begin PBXVariantGroup section */
		CBA06F7327F49FB8000482CA /* Main.storyboard */ = {
			isa = PBXVariantGroup;
			children = (
				CBA06F7427F49FB8000482CA /* Base */,
			);
			name = Main.storyboard;
			sourceTree = "<group>";
		};
		CBA06F7827F49FB9000482CA /* LaunchScreen.storyboard */ = {
			isa = PBXVariantGroup;
			children = (
				CBA06F7927F49FB9000482CA /* Base */,
			);
			name = LaunchScreen.storyboard;
			sourceTree = "<group>";
		};
/* End PBXVariantGroup section */

/* Begin XCBuildConfiguration section */
		CBA06F9227F49FB9000482CA /* Debug */ = {
			isa = XCBuildConfiguration;
			buildSettings = {
				ALWAYS_SEARCH_USER_PATHS = NO;
				CLANG_ANALYZER_NONNULL = YES;
				CLANG_ANALYZER_NUMBER_OBJECT_CONVERSION = YES_AGGRESSIVE;
				CLANG_CXX_LANGUAGE_STANDARD = "gnu++17";
				CLANG_ENABLE_MODULES = YES;
				CLANG_ENABLE_OBJC_ARC = YES;
				CLANG_ENABLE_OBJC_WEAK = YES;
				CLANG_WARN_BLOCK_CAPTURE_AUTORELEASING = YES;
				CLANG_WARN_BOOL_CONVERSION = YES;
				CLANG_WARN_COMMA = YES;
				CLANG_WARN_CONSTANT_CONVERSION = YES;
				CLANG_WARN_DEPRECATED_OBJC_IMPLEMENTATIONS = YES;
				CLANG_WARN_DIRECT_OBJC_ISA_USAGE = YES_ERROR;
				CLANG_WARN_DOCUMENTATION_COMMENTS = YES;
				CLANG_WARN_EMPTY_BODY = YES;
				CLANG_WARN_ENUM_CONVERSION = YES;
				CLANG_WARN_INFINITE_RECURSION = YES;
				CLANG_WARN_INT_CONVERSION = YES;
				CLANG_WARN_NON_LITERAL_NULL_CONVERSION = YES;
				CLANG_WARN_OBJC_IMPLICIT_RETAIN_SELF = YES;
				CLANG_WARN_OBJC_LITERAL_CONVERSION = YES;
				CLANG_WARN_OBJC_ROOT_CLASS = YES_ERROR;
				CLANG_WARN_QUOTED_INCLUDE_IN_FRAMEWORK_HEADER = YES;
				CLANG_WARN_RANGE_LOOP_ANALYSIS = YES;
				CLANG_WARN_STRICT_PROTOTYPES = YES;
				CLANG_WARN_SUSPICIOUS_MOVE = YES;
				CLANG_WARN_UNGUARDED_AVAILABILITY = YES_AGGRESSIVE;
				CLANG_WARN_UNREACHABLE_CODE = YES;
				CLANG_WARN__DUPLICATE_METHOD_MATCH = YES;
				COPY_PHASE_STRIP = NO;
				DEBUG_INFORMATION_FORMAT = dwarf;
				ENABLE_STRICT_OBJC_MSGSEND = YES;
				ENABLE_TESTABILITY = YES;
				EXCLUDED_ARCHS = arm64;
				GCC_C_LANGUAGE_STANDARD = gnu11;
				GCC_DYNAMIC_NO_PIC = NO;
				GCC_NO_COMMON_BLOCKS = YES;
				GCC_OPTIMIZATION_LEVEL = 0;
				GCC_PREPROCESSOR_DEFINITIONS = (
					"DEBUG=1",
					"$(inherited)",
				);
				GCC_WARN_64_TO_32_BIT_CONVERSION = YES;
				GCC_WARN_ABOUT_RETURN_TYPE = YES_ERROR;
				GCC_WARN_UNDECLARED_SELECTOR = YES;
				GCC_WARN_UNINITIALIZED_AUTOS = YES_AGGRESSIVE;
				GCC_WARN_UNUSED_FUNCTION = YES;
				GCC_WARN_UNUSED_VARIABLE = YES;
				IPHONEOS_DEPLOYMENT_TARGET = 15.4;
				MTL_ENABLE_DEBUG_INFO = INCLUDE_SOURCE;
				MTL_FAST_MATH = YES;
				ONLY_ACTIVE_ARCH = YES;
				SDKROOT = iphoneos;
				SWIFT_ACTIVE_COMPILATION_CONDITIONS = DEBUG;
				SWIFT_OPTIMIZATION_LEVEL = "-Onone";
			};
			name = Debug;
		};
		CBA06F9327F49FB9000482CA /* Release */ = {
			isa = XCBuildConfiguration;
			buildSettings = {
				ALWAYS_SEARCH_USER_PATHS = NO;
				CLANG_ANALYZER_NONNULL = YES;
				CLANG_ANALYZER_NUMBER_OBJECT_CONVERSION = YES_AGGRESSIVE;
				CLANG_CXX_LANGUAGE_STANDARD = "gnu++17";
				CLANG_ENABLE_MODULES = YES;
				CLANG_ENABLE_OBJC_ARC = YES;
				CLANG_ENABLE_OBJC_WEAK = YES;
				CLANG_WARN_BLOCK_CAPTURE_AUTORELEASING = YES;
				CLANG_WARN_BOOL_CONVERSION = YES;
				CLANG_WARN_COMMA = YES;
				CLANG_WARN_CONSTANT_CONVERSION = YES;
				CLANG_WARN_DEPRECATED_OBJC_IMPLEMENTATIONS = YES;
				CLANG_WARN_DIRECT_OBJC_ISA_USAGE = YES_ERROR;
				CLANG_WARN_DOCUMENTATION_COMMENTS = YES;
				CLANG_WARN_EMPTY_BODY = YES;
				CLANG_WARN_ENUM_CONVERSION = YES;
				CLANG_WARN_INFINITE_RECURSION = YES;
				CLANG_WARN_INT_CONVERSION = YES;
				CLANG_WARN_NON_LITERAL_NULL_CONVERSION = YES;
				CLANG_WARN_OBJC_IMPLICIT_RETAIN_SELF = YES;
				CLANG_WARN_OBJC_LITERAL_CONVERSION = YES;
				CLANG_WARN_OBJC_ROOT_CLASS = YES_ERROR;
				CLANG_WARN_QUOTED_INCLUDE_IN_FRAMEWORK_HEADER = YES;
				CLANG_WARN_RANGE_LOOP_ANALYSIS = YES;
				CLANG_WARN_STRICT_PROTOTYPES = YES;
				CLANG_WARN_SUSPICIOUS_MOVE = YES;
				CLANG_WARN_UNGUARDED_AVAILABILITY = YES_AGGRESSIVE;
				CLANG_WARN_UNREACHABLE_CODE = YES;
				CLANG_WARN__DUPLICATE_METHOD_MATCH = YES;
				COPY_PHASE_STRIP = NO;
				DEBUG_INFORMATION_FORMAT = "dwarf-with-dsym";
				ENABLE_NS_ASSERTIONS = NO;
				ENABLE_STRICT_OBJC_MSGSEND = YES;
				EXCLUDED_ARCHS = arm64;
				GCC_C_LANGUAGE_STANDARD = gnu11;
				GCC_NO_COMMON_BLOCKS = YES;
				GCC_WARN_64_TO_32_BIT_CONVERSION = YES;
				GCC_WARN_ABOUT_RETURN_TYPE = YES_ERROR;
				GCC_WARN_UNDECLARED_SELECTOR = YES;
				GCC_WARN_UNINITIALIZED_AUTOS = YES_AGGRESSIVE;
				GCC_WARN_UNUSED_FUNCTION = YES;
				GCC_WARN_UNUSED_VARIABLE = YES;
				IPHONEOS_DEPLOYMENT_TARGET = 15.4;
				MTL_ENABLE_DEBUG_INFO = NO;
				MTL_FAST_MATH = YES;
				SDKROOT = iphoneos;
				SWIFT_COMPILATION_MODE = wholemodule;
				SWIFT_OPTIMIZATION_LEVEL = "-O";
				VALIDATE_PRODUCT = YES;
			};
			name = Release;
		};
		CBA06F9527F49FB9000482CA /* Debug */ = {
			isa = XCBuildConfiguration;
			baseConfigurationReference = CE059762550C8D12BC2352C7 /* Pods-RemoteStateTask.debug.xcconfig */;
			buildSettings = {
				ASSETCATALOG_COMPILER_APPICON_NAME = AppIcon;
				ASSETCATALOG_COMPILER_GLOBAL_ACCENT_COLOR_NAME = AccentColor;
				CODE_SIGN_STYLE = Automatic;
				CURRENT_PROJECT_VERSION = 1;
				EXCLUDED_ARCHS = arm64;
				GENERATE_INFOPLIST_FILE = YES;
				INFOPLIST_FILE = RemoteStateTask/Info.plist;
				INFOPLIST_KEY_UIApplicationSupportsIndirectInputEvents = YES;
				INFOPLIST_KEY_UILaunchStoryboardName = LaunchScreen;
				INFOPLIST_KEY_UIMainStoryboardFile = Main;
				INFOPLIST_KEY_UISupportedInterfaceOrientations_iPad = "UIInterfaceOrientationPortrait UIInterfaceOrientationPortraitUpsideDown UIInterfaceOrientationLandscapeLeft UIInterfaceOrientationLandscapeRight";
				INFOPLIST_KEY_UISupportedInterfaceOrientations_iPhone = "UIInterfaceOrientationPortrait UIInterfaceOrientationLandscapeLeft UIInterfaceOrientationLandscapeRight";
				LD_RUNPATH_SEARCH_PATHS = (
					"$(inherited)",
					"@executable_path/Frameworks",
				);
				MARKETING_VERSION = 1.0;
				PRODUCT_BUNDLE_IDENTIFIER = apple.com.RemoteStateTask;
				PRODUCT_NAME = "$(TARGET_NAME)";
				SWIFT_EMIT_LOC_STRINGS = YES;
				SWIFT_VERSION = 5.0;
				TARGETED_DEVICE_FAMILY = "1,2";
			};
			name = Debug;
		};
		CBA06F9627F49FB9000482CA /* Release */ = {
			isa = XCBuildConfiguration;
			baseConfigurationReference = 8416809F8D1442D3B2543A2C /* Pods-RemoteStateTask.release.xcconfig */;
			buildSettings = {
				ASSETCATALOG_COMPILER_APPICON_NAME = AppIcon;
				ASSETCATALOG_COMPILER_GLOBAL_ACCENT_COLOR_NAME = AccentColor;
				CODE_SIGN_STYLE = Automatic;
				CURRENT_PROJECT_VERSION = 1;
				EXCLUDED_ARCHS = arm64;
				GENERATE_INFOPLIST_FILE = YES;
				INFOPLIST_FILE = RemoteStateTask/Info.plist;
				INFOPLIST_KEY_UIApplicationSupportsIndirectInputEvents = YES;
				INFOPLIST_KEY_UILaunchStoryboardName = LaunchScreen;
				INFOPLIST_KEY_UIMainStoryboardFile = Main;
				INFOPLIST_KEY_UISupportedInterfaceOrientations_iPad = "UIInterfaceOrientationPortrait UIInterfaceOrientationPortraitUpsideDown UIInterfaceOrientationLandscapeLeft UIInterfaceOrientationLandscapeRight";
				INFOPLIST_KEY_UISupportedInterfaceOrientations_iPhone = "UIInterfaceOrientationPortrait UIInterfaceOrientationLandscapeLeft UIInterfaceOrientationLandscapeRight";
				LD_RUNPATH_SEARCH_PATHS = (
					"$(inherited)",
					"@executable_path/Frameworks",
				);
				MARKETING_VERSION = 1.0;
				PRODUCT_BUNDLE_IDENTIFIER = apple.com.RemoteStateTask;
				PRODUCT_NAME = "$(TARGET_NAME)";
				SWIFT_EMIT_LOC_STRINGS = YES;
				SWIFT_VERSION = 5.0;
				TARGETED_DEVICE_FAMILY = "1,2";
			};
			name = Release;
		};
		CBA06F9827F49FB9000482CA /* Debug */ = {
			isa = XCBuildConfiguration;
			buildSettings = {
				ALWAYS_EMBED_SWIFT_STANDARD_LIBRARIES = YES;
				BUNDLE_LOADER = "$(TEST_HOST)";
				CODE_SIGN_STYLE = Automatic;
				CURRENT_PROJECT_VERSION = 1;
				GENERATE_INFOPLIST_FILE = YES;
				IPHONEOS_DEPLOYMENT_TARGET = 15.4;
				MARKETING_VERSION = 1.0;
				PRODUCT_BUNDLE_IDENTIFIER = apple.com.RemoteStateTaskTests;
				PRODUCT_NAME = "$(TARGET_NAME)";
				SWIFT_EMIT_LOC_STRINGS = NO;
				SWIFT_VERSION = 5.0;
				TARGETED_DEVICE_FAMILY = "1,2";
				TEST_HOST = "$(BUILT_PRODUCTS_DIR)/RemoteStateTask.app/RemoteStateTask";
			};
			name = Debug;
		};
		CBA06F9927F49FB9000482CA /* Release */ = {
			isa = XCBuildConfiguration;
			buildSettings = {
				ALWAYS_EMBED_SWIFT_STANDARD_LIBRARIES = YES;
				BUNDLE_LOADER = "$(TEST_HOST)";
				CODE_SIGN_STYLE = Automatic;
				CURRENT_PROJECT_VERSION = 1;
				GENERATE_INFOPLIST_FILE = YES;
				IPHONEOS_DEPLOYMENT_TARGET = 15.4;
				MARKETING_VERSION = 1.0;
				PRODUCT_BUNDLE_IDENTIFIER = apple.com.RemoteStateTaskTests;
				PRODUCT_NAME = "$(TARGET_NAME)";
				SWIFT_EMIT_LOC_STRINGS = NO;
				SWIFT_VERSION = 5.0;
				TARGETED_DEVICE_FAMILY = "1,2";
				TEST_HOST = "$(BUILT_PRODUCTS_DIR)/RemoteStateTask.app/RemoteStateTask";
			};
			name = Release;
		};
		CBA06F9B27F49FB9000482CA /* Debug */ = {
			isa = XCBuildConfiguration;
			buildSettings = {
				ALWAYS_EMBED_SWIFT_STANDARD_LIBRARIES = YES;
				CODE_SIGN_STYLE = Automatic;
				CURRENT_PROJECT_VERSION = 1;
				GENERATE_INFOPLIST_FILE = YES;
				MARKETING_VERSION = 1.0;
				PRODUCT_BUNDLE_IDENTIFIER = apple.com.RemoteStateTaskUITests;
				PRODUCT_NAME = "$(TARGET_NAME)";
				SWIFT_EMIT_LOC_STRINGS = NO;
				SWIFT_VERSION = 5.0;
				TARGETED_DEVICE_FAMILY = "1,2";
				TEST_TARGET_NAME = RemoteStateTask;
			};
			name = Debug;
		};
		CBA06F9C27F49FB9000482CA /* Release */ = {
			isa = XCBuildConfiguration;
			buildSettings = {
				ALWAYS_EMBED_SWIFT_STANDARD_LIBRARIES = YES;
				CODE_SIGN_STYLE = Automatic;
				CURRENT_PROJECT_VERSION = 1;
				GENERATE_INFOPLIST_FILE = YES;
				MARKETING_VERSION = 1.0;
				PRODUCT_BUNDLE_IDENTIFIER = apple.com.RemoteStateTaskUITests;
				PRODUCT_NAME = "$(TARGET_NAME)";
				SWIFT_EMIT_LOC_STRINGS = NO;
				SWIFT_VERSION = 5.0;
				TARGETED_DEVICE_FAMILY = "1,2";
				TEST_TARGET_NAME = RemoteStateTask;
			};
			name = Release;
		};
/* End XCBuildConfiguration section */

/* Begin XCConfigurationList section */
		CBA06F6527F49FB8000482CA /* Build configuration list for PBXProject "RemoteStateTask" */ = {
			isa = XCConfigurationList;
			buildConfigurations = (
				CBA06F9227F49FB9000482CA /* Debug */,
				CBA06F9327F49FB9000482CA /* Release */,
			);
			defaultConfigurationIsVisible = 0;
			defaultConfigurationName = Release;
		};
		CBA06F9427F49FB9000482CA /* Build configuration list for PBXNativeTarget "RemoteStateTask" */ = {
			isa = XCConfigurationList;
			buildConfigurations = (
				CBA06F9527F49FB9000482CA /* Debug */,
				CBA06F9627F49FB9000482CA /* Release */,
			);
			defaultConfigurationIsVisible = 0;
			defaultConfigurationName = Release;
		};
		CBA06F9727F49FB9000482CA /* Build configuration list for PBXNativeTarget "RemoteStateTaskTests" */ = {
			isa = XCConfigurationList;
			buildConfigurations = (
				CBA06F9827F49FB9000482CA /* Debug */,
				CBA06F9927F49FB9000482CA /* Release */,
			);
			defaultConfigurationIsVisible = 0;
			defaultConfigurationName = Release;
		};
		CBA06F9A27F49FB9000482CA /* Build configuration list for PBXNativeTarget "RemoteStateTaskUITests" */ = {
			isa = XCConfigurationList;
			buildConfigurations = (
				CBA06F9B27F49FB9000482CA /* Debug */,
				CBA06F9C27F49FB9000482CA /* Release */,
			);
			defaultConfigurationIsVisible = 0;
			defaultConfigurationName = Release;
		};
/* End XCConfigurationList section */
	};
	rootObject = CBA06F6227F49FB8000482CA /* Project object */;
}
